
Microsoft Visual Studio Solution File, Format Version 12.00
# Visual Studio 15
VisualStudioVersion = 15.0.28307.329
MinimumVisualStudioVersion = 10.0.40219.1
Project("{8BC9CEB8-8B4A-11D0-8D11-00A0C91BC942}") = "Lab1", "Lab1\Lab1.vcxproj", "{B6B75B2A-C4DE-41C2-AD87-3AA9EDDF5C31}"
EndProject
Project("{8BC9CEB8-8B4A-11D0-8D11-00A0C91BC942}") = "Lab2", "Lab2\Lab2.vcxproj", "{4924025A-F2B8-459D-8709-614CAE72200F}"
EndProject
Project("{8BC9CEB8-8B4A-11D0-8D11-00A0C91BC942}") = "Lab3", "Lab3\Lab3.vcxproj", "{AAE9296A-5DC9-4A63-94F0-E889550EA15C}"
EndProject
Project("{8BC9CEB8-8B4A-11D0-8D11-00A0C91BC942}") = "Lab4", "Lab4\Lab4.vcxproj", "{CBA7A250-F36E-42C6-8DDF-45F6B9425416}"
EndProject
Project("{8BC9CEB8-8B4A-11D0-8D11-00A0C91BC942}") = "Lab5", "Lab5\Lab5.vcxproj", "{C31C334C-5FC7-48C0-90B4-4230C58C86CE}"
EndProject
Project("{8BC9CEB8-8B4A-11D0-8D11-00A0C91BC942}") = "Lab6", "Lab6\Lab6.vcxproj", "{B040E943-B2CB-49C7-A185-39B1EF9DB06F}"
EndProject
Project("{8BC9CEB8-8B4A-11D0-8D11-00A0C91BC942}") = "Lab7", "Lab7\Lab7.vcxproj", "{EAD5BBE7-C254-4C40-B19B-EE943C910140}"
EndProject
Project("{8BC9CEB8-8B4A-11D0-8D11-00A0C91BC942}") = "Lab8", "Lab8\Lab8.vcxproj", "{360B7003-D4B8-4A15-85B9-9C09B200797F}"
EndProject
Project("{8BC9CEB8-8B4A-11D0-8D11-00A0C91BC942}") = "Lab9", "Lab9\Lab9.vcxproj", "{801FE7CC-4F10-450B-89E4-0086A85BF508}"
EndProject
Project("{8BC9CEB8-8B4A-11D0-8D11-00A0C91BC942}") = "Lab10", "Lab10\Lab10.vcxproj", "{FDC49096-3BAF-443F-9072-BFC06E3A3642}"
EndProject
Project("{8BC9CEB8-8B4A-11D0-8D11-00A0C91BC942}") = "Lab11", "Lab11\Lab11.vcxproj", "{09E3DD9D-386B-4B1D-89DF-BC8601DDCC87}"
EndProject
Global
	GlobalSection(SolutionConfigurationPlatforms) = preSolution
		Debug|x64 = Debug|x64
		Debug|x86 = Debug|x86
		Release|x64 = Release|x64
		Release|x86 = Release|x86
	EndGlobalSection
	GlobalSection(ProjectConfigurationPlatforms) = postSolution
		{B6B75B2A-C4DE-41C2-AD87-3AA9EDDF5C31}.Debug|x64.ActiveCfg = Debug|x64
		{B6B75B2A-C4DE-41C2-AD87-3AA9EDDF5C31}.Debug|x64.Build.0 = Debug|x64
		{B6B75B2A-C4DE-41C2-AD87-3AA9EDDF5C31}.Debug|x86.ActiveCfg = Debug|Win32
		{B6B75B2A-C4DE-41C2-AD87-3AA9EDDF5C31}.Debug|x86.Build.0 = Debug|Win32
		{B6B75B2A-C4DE-41C2-AD87-3AA9EDDF5C31}.Release|x64.ActiveCfg = Release|x64
		{B6B75B2A-C4DE-41C2-AD87-3AA9EDDF5C31}.Release|x64.Build.0 = Release|x64
		{B6B75B2A-C4DE-41C2-AD87-3AA9EDDF5C31}.Release|x86.ActiveCfg = Release|Win32
		{B6B75B2A-C4DE-41C2-AD87-3AA9EDDF5C31}.Release|x86.Build.0 = Release|Win32
		{4924025A-F2B8-459D-8709-614CAE72200F}.Debug|x64.ActiveCfg = Debug|x64
		{4924025A-F2B8-459D-8709-614CAE72200F}.Debug|x64.Build.0 = Debug|x64
		{4924025A-F2B8-459D-8709-614CAE72200F}.Debug|x86.ActiveCfg = Debug|Win32
		{4924025A-F2B8-459D-8709-614CAE72200F}.Debug|x86.Build.0 = Debug|Win32
		{4924025A-F2B8-459D-8709-614CAE72200F}.Release|x64.ActiveCfg = Release|x64
		{4924025A-F2B8-459D-8709-614CAE72200F}.Release|x64.Build.0 = Release|x64
		{4924025A-F2B8-459D-8709-614CAE72200F}.Release|x86.ActiveCfg = Release|Win32
		{4924025A-F2B8-459D-8709-614CAE72200F}.Release|x86.Build.0 = Release|Win32
		{AAE9296A-5DC9-4A63-94F0-E889550EA15C}.Debug|x64.ActiveCfg = Debug|x64
		{AAE9296A-5DC9-4A63-94F0-E889550EA15C}.Debug|x64.Build.0 = Debug|x64
		{AAE9296A-5DC9-4A63-94F0-E889550EA15C}.Debug|x86.ActiveCfg = Debug|Win32
		{AAE9296A-5DC9-4A63-94F0-E889550EA15C}.Debug|x86.Build.0 = Debug|Win32
		{AAE9296A-5DC9-4A63-94F0-E889550EA15C}.Release|x64.ActiveCfg = Release|x64
		{AAE9296A-5DC9-4A63-94F0-E889550EA15C}.Release|x64.Build.0 = Release|x64
		{AAE9296A-5DC9-4A63-94F0-E889550EA15C}.Release|x86.ActiveCfg = Release|Win32
		{AAE9296A-5DC9-4A63-94F0-E889550EA15C}.Release|x86.Build.0 = Release|Win32
		{CBA7A250-F36E-42C6-8DDF-45F6B9425416}.Debug|x64.ActiveCfg = Debug|x64
		{CBA7A250-F36E-42C6-8DDF-45F6B9425416}.Debug|x64.Build.0 = Debug|x64
		{CBA7A250-F36E-42C6-8DDF-45F6B9425416}.Debug|x86.ActiveCfg = Debug|Win32
		{CBA7A250-F36E-42C6-8DDF-45F6B9425416}.Debug|x86.Build.0 = Debug|Win32
		{CBA7A250-F36E-42C6-8DDF-45F6B9425416}.Release|x64.ActiveCfg = Release|x64
		{CBA7A250-F36E-42C6-8DDF-45F6B9425416}.Release|x64.Build.0 = Release|x64
		{CBA7A250-F36E-42C6-8DDF-45F6B9425416}.Release|x86.ActiveCfg = Release|Win32
		{CBA7A250-F36E-42C6-8DDF-45F6B9425416}.Release|x86.Build.0 = Release|Win32
		{C31C334C-5FC7-48C0-90B4-4230C58C86CE}.Debug|x64.ActiveCfg = Debug|x64
		{C31C334C-5FC7-48C0-90B4-4230C58C86CE}.Debug|x64.Build.0 = Debug|x64
		{C31C334C-5FC7-48C0-90B4-4230C58C86CE}.Debug|x86.ActiveCfg = Debug|Win32
		{C31C334C-5FC7-48C0-90B4-4230C58C86CE}.Debug|x86.Build.0 = Debug|Win32
		{C31C334C-5FC7-48C0-90B4-4230C58C86CE}.Release|x64.ActiveCfg = Release|x64
		{C31C334C-5FC7-48C0-90B4-4230C58C86CE}.Release|x64.Build.0 = Release|x64
		{C31C334C-5FC7-48C0-90B4-4230C58C86CE}.Release|x86.ActiveCfg = Release|Win32
		{C31C334C-5FC7-48C0-90B4-4230C58C86CE}.Release|x86.Build.0 = Release|Win32
		{B040E943-B2CB-49C7-A185-39B1EF9DB06F}.Debug|x64.ActiveCfg = Debug|x64
		{B040E943-B2CB-49C7-A185-39B1EF9DB06F}.Debug|x64.Build.0 = Debug|x64
		{B040E943-B2CB-49C7-A185-39B1EF9DB06F}.Debug|x86.ActiveCfg = Debug|Win32
		{B040E943-B2CB-49C7-A185-39B1EF9DB06F}.Debug|x86.Build.0 = Debug|Win32
		{B040E943-B2CB-49C7-A185-39B1EF9DB06F}.Release|x64.ActiveCfg = Release|x64
		{B040E943-B2CB-49C7-A185-39B1EF9DB06F}.Release|x64.Build.0 = Release|x64
		{B040E943-B2CB-49C7-A185-39B1EF9DB06F}.Release|x86.ActiveCfg = Release|Win32
		{B040E943-B2CB-49C7-A185-39B1EF9DB06F}.Release|x86.Build.0 = Release|Win32
		{EAD5BBE7-C254-4C40-B19B-EE943C910140}.Debug|x64.ActiveCfg = Debug|x64
		{EAD5BBE7-C254-4C40-B19B-EE943C910140}.Debug|x64.Build.0 = Debug|x64
		{EAD5BBE7-C254-4C40-B19B-EE943C910140}.Debug|x86.ActiveCfg = Debug|Win32
		{EAD5BBE7-C254-4C40-B19B-EE943C910140}.Debug|x86.Build.0 = Debug|Win32
		{EAD5BBE7-C254-4C40-B19B-EE943C910140}.Release|x64.ActiveCfg = Release|x64
		{EAD5BBE7-C254-4C40-B19B-EE943C910140}.Release|x64.Build.0 = Release|x64
		{EAD5BBE7-C254-4C40-B19B-EE943C910140}.Release|x86.ActiveCfg = Release|Win32
		{EAD5BBE7-C254-4C40-B19B-EE943C910140}.Release|x86.Build.0 = Release|Win32
		{360B7003-D4B8-4A15-85B9-9C09B200797F}.Debug|x64.ActiveCfg = Debug|x64
		{360B7003-D4B8-4A15-85B9-9C09B200797F}.Debug|x64.Build.0 = Debug|x64
		{360B7003-D4B8-4A15-85B9-9C09B200797F}.Debug|x86.ActiveCfg = Debug|Win32
		{360B7003-D4B8-4A15-85B9-9C09B200797F}.Debug|x86.Build.0 = Debug|Win32
		{360B7003-D4B8-4A15-85B9-9C09B200797F}.Release|x64.ActiveCfg = Release|x64
		{360B7003-D4B8-4A15-85B9-9C09B200797F}.Release|x64.Build.0 = Release|x64
		{360B7003-D4B8-4A15-85B9-9C09B200797F}.Release|x86.ActiveCfg = Release|Win32
		{360B7003-D4B8-4A15-85B9-9C09B200797F}.Release|x86.Build.0 = Release|Win32
		{801FE7CC-4F10-450B-89E4-0086A85BF508}.Debug|x64.ActiveCfg = Debug|x64
		{801FE7CC-4F10-450B-89E4-0086A85BF508}.Debug|x64.Build.0 = Debug|x64
		{801FE7CC-4F10-450B-89E4-0086A85BF508}.Debug|x86.ActiveCfg = Debug|Win32
		{801FE7CC-4F10-450B-89E4-0086A85BF508}.Debug|x86.Build.0 = Debug|Win32
		{801FE7CC-4F10-450B-89E4-0086A85BF508}.Release|x64.ActiveCfg = Release|x64
		{801FE7CC-4F10-450B-89E4-0086A85BF508}.Release|x64.Build.0 = Release|x64
		{801FE7CC-4F10-450B-89E4-0086A85BF508}.Release|x86.ActiveCfg = Release|Win32
		{801FE7CC-4F10-450B-89E4-0086A85BF508}.Release|x86.Build.0 = Release|Win32
		{FDC49096-3BAF-443F-9072-BFC06E3A3642}.Debug|x64.ActiveCfg = Debug|x64
		{FDC49096-3BAF-443F-9072-BFC06E3A3642}.Debug|x64.Build.0 = Debug|x64
		{FDC49096-3BAF-443F-9072-BFC06E3A3642}.Debug|x86.ActiveCfg = Debug|Win32
		{FDC49096-3BAF-443F-9072-BFC06E3A3642}.Debug|x86.Build.0 = Debug|Win32
		{FDC49096-3BAF-443F-9072-BFC06E3A3642}.Release|x64.ActiveCfg = Release|x64
		{FDC49096-3BAF-443F-9072-BFC06E3A3642}.Release|x64.Build.0 = Release|x64
		{FDC49096-3BAF-443F-9072-BFC06E3A3642}.Release|x86.ActiveCfg = Release|Win32
		{FDC49096-3BAF-443F-9072-BFC06E3A3642}.Release|x86.Build.0 = Release|Win32
		{09E3DD9D-386B-4B1D-89DF-BC8601DDCC87}.Debug|x64.ActiveCfg = Debug|x64
		{09E3DD9D-386B-4B1D-89DF-BC8601DDCC87}.Debug|x64.Build.0 = Debug|x64
		{09E3DD9D-386B-4B1D-89DF-BC8601DDCC87}.Debug|x86.ActiveCfg = Debug|Win32
		{09E3DD9D-386B-4B1D-89DF-BC8601DDCC87}.Debug|x86.Build.0 = Debug|Win32
		{09E3DD9D-386B-4B1D-89DF-BC8601DDCC87}.Release|x64.ActiveCfg = Release|x64
		{09E3DD9D-386B-4B1D-89DF-BC8601DDCC87}.Release|x64.Build.0 = Release|x64
		{09E3DD9D-386B-4B1D-89DF-BC8601DDCC87}.Release|x86.ActiveCfg = Release|Win32
		{09E3DD9D-386B-4B1D-89DF-BC8601DDCC87}.Release|x86.Build.0 = Release|Win32
	EndGlobalSection
	GlobalSection(SolutionProperties) = preSolution
		HideSolutionNode = FALSE
	EndGlobalSection
	GlobalSection(ExtensibilityGlobals) = postSolution
		SolutionGuid = {8527E24A-450D-47C2-9DC6-A796F811735F}
	EndGlobalSection
EndGlobal
